
Microsoft Visual Studio Solution File, Format Version 12.00
# Visual Studio 14
VisualStudioVersion = 14.0.24720.0
MinimumVisualStudioVersion = 10.0.40219.1
Project("{F184B08F-C81C-45F6-A57F-5ABD9991F28F}") = "HSPI_WebSocket", "HSPI_WebSocket.vbproj", "{A3B6D762-301C-41C3-8C70-1924E89BA9A5}"
EndProject
Project("{FAE04EC0-301F-11D3-BF4B-00C04F79EFBC}") = "HSPI_WebSocket_CS", "HSPI_WebSocket_CS\HSPI_WebSocket_CS.csproj", "{27371928-FC11-40FF-B708-55C6699B4853}"
EndProject
Global
	GlobalSection(SolutionConfigurationPlatforms) = preSolution
		Debug|Any CPU = Debug|Any CPU
		Debug|x86 = Debug|x86
		Linux Debug|Any CPU = Linux Debug|Any CPU
		Linux Debug|x86 = Linux Debug|x86
		Linux Release|Any CPU = Linux Release|Any CPU
		Linux Release|x86 = Linux Release|x86
		Linux Zee Debug|Any CPU = Linux Zee Debug|Any CPU
		Linux Zee Debug|x86 = Linux Zee Debug|x86
		Linux Zee Release|Any CPU = Linux Zee Release|Any CPU
		Linux Zee Release|x86 = Linux Zee Release|x86
		Release|Any CPU = Release|Any CPU
		Release|x86 = Release|x86
	EndGlobalSection
	GlobalSection(ProjectConfigurationPlatforms) = postSolution
		{A3B6D762-301C-41C3-8C70-1924E89BA9A5}.Debug|Any CPU.ActiveCfg = Debug|Any CPU
		{A3B6D762-301C-41C3-8C70-1924E89BA9A5}.Debug|Any CPU.Build.0 = Debug|Any CPU
		{A3B6D762-301C-41C3-8C70-1924E89BA9A5}.Debug|x86.ActiveCfg = Debug|x86
		{A3B6D762-301C-41C3-8C70-1924E89BA9A5}.Debug|x86.Build.0 = Debug|x86
		{A3B6D762-301C-41C3-8C70-1924E89BA9A5}.Linux Debug|Any CPU.ActiveCfg = Linux Debug|Any CPU
		{A3B6D762-301C-41C3-8C70-1924E89BA9A5}.Linux Debug|Any CPU.Build.0 = Linux Debug|Any CPU
		{A3B6D762-301C-41C3-8C70-1924E89BA9A5}.Linux Debug|x86.ActiveCfg = Linux Debug|x86
		{A3B6D762-301C-41C3-8C70-1924E89BA9A5}.Linux Debug|x86.Build.0 = Linux Debug|x86
		{A3B6D762-301C-41C3-8C70-1924E89BA9A5}.Linux Release|Any CPU.ActiveCfg = Linux Release|Any CPU
		{A3B6D762-301C-41C3-8C70-1924E89BA9A5}.Linux Release|Any CPU.Build.0 = Linux Release|Any CPU
		{A3B6D762-301C-41C3-8C70-1924E89BA9A5}.Linux Release|x86.ActiveCfg = Linux Release|x86
		{A3B6D762-301C-41C3-8C70-1924E89BA9A5}.Linux Release|x86.Build.0 = Linux Release|x86
		{A3B6D762-301C-41C3-8C70-1924E89BA9A5}.Linux Zee Debug|Any CPU.ActiveCfg = Linux Zee Debug|Any CPU
		{A3B6D762-301C-41C3-8C70-1924E89BA9A5}.Linux Zee Debug|Any CPU.Build.0 = Linux Zee Debug|Any CPU
		{A3B6D762-301C-41C3-8C70-1924E89BA9A5}.Linux Zee Debug|x86.ActiveCfg = Linux Zee Debug|x86
		{A3B6D762-301C-41C3-8C70-1924E89BA9A5}.Linux Zee Debug|x86.Build.0 = Linux Zee Debug|x86
		{A3B6D762-301C-41C3-8C70-1924E89BA9A5}.Linux Zee Release|Any CPU.ActiveCfg = Linux Zee Release|Any CPU
		{A3B6D762-301C-41C3-8C70-1924E89BA9A5}.Linux Zee Release|Any CPU.Build.0 = Linux Zee Release|Any CPU
		{A3B6D762-301C-41C3-8C70-1924E89BA9A5}.Linux Zee Release|x86.ActiveCfg = Linux Zee Release|x86
		{A3B6D762-301C-41C3-8C70-1924E89BA9A5}.Linux Zee Release|x86.Build.0 = Linux Zee Release|x86
		{A3B6D762-301C-41C3-8C70-1924E89BA9A5}.Release|Any CPU.ActiveCfg = Release|Any CPU
		{A3B6D762-301C-41C3-8C70-1924E89BA9A5}.Release|Any CPU.Build.0 = Release|Any CPU
		{A3B6D762-301C-41C3-8C70-1924E89BA9A5}.Release|x86.ActiveCfg = Release|x86
		{A3B6D762-301C-41C3-8C70-1924E89BA9A5}.Release|x86.Build.0 = Release|x86
		{27371928-FC11-40FF-B708-55C6699B4853}.Debug|Any CPU.ActiveCfg = Debug|Any CPU
		{27371928-FC11-40FF-B708-55C6699B4853}.Debug|Any CPU.Build.0 = Debug|Any CPU
		{27371928-FC11-40FF-B708-55C6699B4853}.Debug|x86.ActiveCfg = Debug|Any CPU
		{27371928-FC11-40FF-B708-55C6699B4853}.Debug|x86.Build.0 = Debug|Any CPU
		{27371928-FC11-40FF-B708-55C6699B4853}.Linux Debug|Any CPU.ActiveCfg = Debug|Any CPU
		{27371928-FC11-40FF-B708-55C6699B4853}.Linux Debug|Any CPU.Build.0 = Debug|Any CPU
		{27371928-FC11-40FF-B708-55C6699B4853}.Linux Debug|x86.ActiveCfg = Debug|Any CPU
		{27371928-FC11-40FF-B708-55C6699B4853}.Linux Debug|x86.Build.0 = Debug|Any CPU
		{27371928-FC11-40FF-B708-55C6699B4853}.Linux Release|Any CPU.ActiveCfg = Release|Any CPU
		{27371928-FC11-40FF-B708-55C6699B4853}.Linux Release|Any CPU.Build.0 = Release|Any CPU
		{27371928-FC11-40FF-B708-55C6699B4853}.Linux Release|x86.ActiveCfg = Release|Any CPU
		{27371928-FC11-40FF-B708-55C6699B4853}.Linux Release|x86.Build.0 = Release|Any CPU
		{27371928-FC11-40FF-B708-55C6699B4853}.Linux Zee Debug|Any CPU.ActiveCfg = Debug|Any CPU
		{27371928-FC11-40FF-B708-55C6699B4853}.Linux Zee Debug|Any CPU.Build.0 = Debug|Any CPU
		{27371928-FC11-40FF-B708-55C6699B4853}.Linux Zee Debug|x86.ActiveCfg = Debug|Any CPU
		{27371928-FC11-40FF-B708-55C6699B4853}.Linux Zee Debug|x86.Build.0 = Debug|Any CPU
		{27371928-FC11-40FF-B708-55C6699B4853}.Linux Zee Release|Any CPU.ActiveCfg = Release|Any CPU
		{27371928-FC11-40FF-B708-55C6699B4853}.Linux Zee Release|Any CPU.Build.0 = Release|Any CPU
		{27371928-FC11-40FF-B708-55C6699B4853}.Linux Zee Release|x86.ActiveCfg = Release|Any CPU
		{27371928-FC11-40FF-B708-55C6699B4853}.Linux Zee Release|x86.Build.0 = Release|Any CPU
		{27371928-FC11-40FF-B708-55C6699B4853}.Release|Any CPU.ActiveCfg = Release|Any CPU
		{27371928-FC11-40FF-B708-55C6699B4853}.Release|Any CPU.Build.0 = Release|Any CPU
		{27371928-FC11-40FF-B708-55C6699B4853}.Release|x86.ActiveCfg = Release|Any CPU
		{27371928-FC11-40FF-B708-55C6699B4853}.Release|x86.Build.0 = Release|Any CPU
	EndGlobalSection
	GlobalSection(SolutionProperties) = preSolution
		HideSolutionNode = FALSE
	EndGlobalSection
EndGlobal
